
Microsoft Visual Studio Solution File, Format Version 12.00
# Visual Studio 14
VisualStudioVersion = 14.0.25420.1
MinimumVisualStudioVersion = 10.0.40219.1
Project("{FAE04EC0-301F-11D3-BF4B-00C04F79EFBC}") = "CA Employee Management", "CA Employee Management\CA Employee Management.csproj", "{61331E5C-4264-4C85-B583-BB2739C0345B}"
EndProject
Global
	GlobalSection(SolutionConfigurationPlatforms) = preSolution
		Debug|Any CPU = Debug|Any CPU
		Release|Any CPU = Release|Any CPU
	EndGlobalSection
	GlobalSection(ProjectConfigurationPlatforms) = postSolution
		{61331E5C-4264-4C85-B583-BB2739C0345B}.Debug|Any CPU.ActiveCfg = Debug|Any CPU
		{61331E5C-4264-4C85-B583-BB2739C0345B}.Debug|Any CPU.Build.0 = Debug|Any CPU
		{61331E5C-4264-4C85-B583-BB2739C0345B}.Release|Any CPU.ActiveCfg = Release|Any CPU
		{61331E5C-4264-4C85-B583-BB2739C0345B}.Release|Any CPU.Build.0 = Release|Any CPU
	EndGlobalSection
	GlobalSection(SolutionProperties) = preSolution
		HideSolutionNode = FALSE
	EndGlobalSection
EndGlobal
